
Microsoft Visual Studio Solution File, Format Version 12.00
# Visual Studio Version 17
VisualStudioVersion = 17.7.34031.279
MinimumVisualStudioVersion = 10.0.40219.1
Project("{FAE04EC0-301F-11D3-BF4B-00C04F79EFBC}") = "practical1", "practical1\practical1.csproj", "{67E6619D-48A2-4AFE-A70F-3FD6457F9A77}"
EndProject
Global
	GlobalSection(SolutionConfigurationPlatforms) = preSolution
		Debug|Any CPU = Debug|Any CPU
		Release|Any CPU = Release|Any CPU
	EndGlobalSection
	GlobalSection(ProjectConfigurationPlatforms) = postSolution
		{67E6619D-48A2-4AFE-A70F-3FD6457F9A77}.Debug|Any CPU.ActiveCfg = Debug|Any CPU
		{67E6619D-48A2-4AFE-A70F-3FD6457F9A77}.Debug|Any CPU.Build.0 = Debug|Any CPU
		{67E6619D-48A2-4AFE-A70F-3FD6457F9A77}.Release|Any CPU.ActiveCfg = Release|Any CPU
		{67E6619D-48A2-4AFE-A70F-3FD6457F9A77}.Release|Any CPU.Build.0 = Release|Any CPU
	EndGlobalSection
	GlobalSection(SolutionProperties) = preSolution
		HideSolutionNode = FALSE
	EndGlobalSection
	GlobalSection(ExtensibilityGlobals) = postSolution
		SolutionGuid = {01F56232-C606-48DA-A054-7DDAD444F6E9}
	EndGlobalSection
EndGlobal
